<?xml version="1.0" encoding="utf-8"?>
<Project ToolsVersion="4.0" xmlns="http://schemas.microsoft.com/developer/msbuild/2003">
  <ItemGroup>
    <Filter Include="src">
      <UniqueIdentifier>{38f5ef3d-80f9-40c2-b030-a120411c7170}</UniqueIdentifier>
    </Filter>
    <Filter Include="src\ge">
      <UniqueIdentifier>{907c456b-9d3a-4099-bfb0-6f076eb1c28d}</UniqueIdentifier>
    </Filter>
    <Filter Include="src\ge\app">
      <UniqueIdentifier>{3a52befe-974d-4bc9-99c8-d0aef252d0fa}</UniqueIdentifier>
    </Filter>
    <Filter Include="src\ge\audio">
      <UniqueIdentifier>{b71bf6e8-686a-4836-981f-aec162e17607}</UniqueIdentifier>
    </Filter>
    <Filter Include="src\ge\backend">
      <UniqueIdentifier>{cee498ab-b00b-456e-b7d2-b003a5f90bcb}</UniqueIdentifier>
    </Filter>
    <Filter Include="src\ge\backend\api">
      <UniqueIdentifier>{56b090e1-63a1-4aee-8574-4940f64412dd}</UniqueIdentifier>
    </Filter>
    <Filter Include="src\ge\backend\gl">
      <UniqueIdentifier>{22126a58-ee12-4be6-aef5-3dc6a896f55e}</UniqueIdentifier>
    </Filter>
    <Filter Include="src\ge\backend\d3d">
      <UniqueIdentifier>{91ef1330-354a-49b6-8536-d4c3b5661538}</UniqueIdentifier>
    </Filter>
    <Filter Include="src\ge\backend\d3d\11">
      <UniqueIdentifier>{c89ae1a6-bb16-4410-a6d4-708728f2ca5e}</UniqueIdentifier>
    </Filter>
    <Filter Include="src\ge\backend\d3d\12">
      <UniqueIdentifier>{5a4f0d92-1f57-40cf-a6ee-adcde164837f}</UniqueIdentifier>
    </Filter>
    <Filter Include="src\ge\backend\vk">
      <UniqueIdentifier>{cdd8e701-f1af-4d42-a0c2-00e3b824b802}</UniqueIdentifier>
    </Filter>
    <Filter Include="src\ge\debug">
      <UniqueIdentifier>{141d504c-01da-44b5-ac0b-e58b0b882b1e}</UniqueIdentifier>
    </Filter>
    <Filter Include="src\ge\embedded">
      <UniqueIdentifier>{5f9b9711-6ef5-4bd6-94d9-75ff03e43fce}</UniqueIdentifier>
    </Filter>
    <Filter Include="src\ge\entity">
      <UniqueIdentifier>{aec3b4c9-6482-4b41-a4e3-c0229cdca816}</UniqueIdentifier>
    </Filter>
    <Filter Include="src\ge\entity\component">
      <UniqueIdentifier>{8fb2e7d9-c05f-47a9-b9d0-ac4bc8c56704}</UniqueIdentifier>
    </Filter>
    <Filter Include="src\ge\events">
      <UniqueIdentifier>{38c337c7-9230-42c9-bf5e-45c37ca08669}</UniqueIdentifier>
    </Filter>
    <Filter Include="src\ge\graphics">
      <UniqueIdentifier>{4408b539-f8c3-48e7-a0ef-c88fdf541d87}</UniqueIdentifier>
    </Filter>
    <Filter Include="src\ge\graphics\ShaderFactory">
      <UniqueIdentifier>{a782bdcd-5ee2-4e77-9266-7896a2b68c8f}</UniqueIdentifier>
    </Filter>
    <Filter Include="src\ge\graphics\ShaderFactory\Shaders">
      <UniqueIdentifier>{5e8fe083-fa72-4c43-8987-d8ad52f25b14}</UniqueIdentifier>
    </Filter>
    <Filter Include="src\ge\graphics\ShaderFactory\Shaders\gles">
      <UniqueIdentifier>{9b967aab-8204-49e8-b298-ad786f0cfba4}</UniqueIdentifier>
    </Filter>
    <Filter Include="src\ge\graphics\ui">
      <UniqueIdentifier>{9d5e0fc8-91b4-4992-88c6-b3db52ec7fb4}</UniqueIdentifier>
    </Filter>
    <Filter Include="src\ge\input">
      <UniqueIdentifier>{0d77d956-f984-45a8-bd95-27747fdd3a09}</UniqueIdentifier>
    </Filter>
    <Filter Include="src\ge\math">
      <UniqueIdentifier>{355438cd-e80b-4d6f-9aa7-6d394a2da1d2}</UniqueIdentifier>
    </Filter>
    <Filter Include="src\ge\platform">
      <UniqueIdentifier>{995d75c4-d8cb-4023-bf50-072bd1494fc8}</UniqueIdentifier>
    </Filter>
    <Filter Include="src\ge\platform\win32">
      <UniqueIdentifier>{6ff95903-984c-469f-b428-10ec26e4f8f0}</UniqueIdentifier>
    </Filter>
    <Filter Include="src\ge\system">
      <UniqueIdentifier>{3406289a-8781-4673-a604-6b99e8fdb036}</UniqueIdentifier>
    </Filter>
    <Filter Include="src\ge\utils">
      <UniqueIdentifier>{42172763-621b-4449-a418-4e084085f3be}</UniqueIdentifier>
    </Filter>
  </ItemGroup>
  <ItemGroup>
    <ClCompile Include="src\Pch.cpp">
      <Filter>src\ge</Filter>
    </ClCompile>
  </ItemGroup>
  <ItemGroup>
    <ClInclude Include="src\Pch.h">
      <Filter>src\ge</Filter>
    </ClInclude>
  </ItemGroup>
</Project>