<?xml version="1.0" encoding="utf-8"?>
<Project ToolsVersion="4.0" xmlns="http://schemas.microsoft.com/developer/msbuild/2003">
  <ItemGroup>
    <Filter Include="src">
      <UniqueIdentifier>{38f5ef3d-80f9-40c2-b030-a120411c7170}</UniqueIdentifier>
    </Filter>
    <Filter Include="src\ge">
      <UniqueIdentifier>{907c456b-9d3a-4099-bfb0-6f076eb1c28d}</UniqueIdentifier>
    </Filter>
    <Filter Include="src\ge\app">
      <UniqueIdentifier>{3a52befe-974d-4bc9-99c8-d0aef252d0fa}</UniqueIdentifier>
    </Filter>
    <Filter Include="src\ge\audio">
      <UniqueIdentifier>{b71bf6e8-686a-4836-981f-aec162e17607}</UniqueIdentifier>
    </Filter>
    <Filter Include="src\ge\backend">
      <UniqueIdentifier>{cee498ab-b00b-456e-b7d2-b003a5f90bcb}</UniqueIdentifier>
    </Filter>
    <Filter Include="src\ge\backend\api">
      <UniqueIdentifier>{56b090e1-63a1-4aee-8574-4940f64412dd}</UniqueIdentifier>
    </Filter>
    <Filter Include="src\ge\backend\gl">
      <UniqueIdentifier>{22126a58-ee12-4be6-aef5-3dc6a896f55e}</UniqueIdentifier>
    </Filter>
    <Filter Include="src\ge\backend\d3d">
      <UniqueIdentifier>{91ef1330-354a-49b6-8536-d4c3b5661538}</UniqueIdentifier>
    </Filter>
    <Filter Include="src\ge\backend\d3d\11">
      <UniqueIdentifier>{c89ae1a6-bb16-4410-a6d4-708728f2ca5e}</UniqueIdentifier>
    </Filter>
    <Filter Include="src\ge\backend\d3d\12">
      <UniqueIdentifier>{5a4f0d92-1f57-40cf-a6ee-adcde164837f}</UniqueIdentifier>
    </Filter>
    <Filter Include="src\ge\backend\vk">
      <UniqueIdentifier>{cdd8e701-f1af-4d42-a0c2-00e3b824b802}</UniqueIdentifier>
    </Filter>
    <Filter Include="src\ge\debug">
      <UniqueIdentifier>{141d504c-01da-44b5-ac0b-e58b0b882b1e}</UniqueIdentifier>
    </Filter>
    <Filter Include="src\ge\embedded">
      <UniqueIdentifier>{5f9b9711-6ef5-4bd6-94d9-75ff03e43fce}</UniqueIdentifier>
    </Filter>
    <Filter Include="src\ge\entity">
      <UniqueIdentifier>{aec3b4c9-6482-4b41-a4e3-c0229cdca816}</UniqueIdentifier>
    </Filter>
    <Filter Include="src\ge\entity\component">
      <UniqueIdentifier>{8fb2e7d9-c05f-47a9-b9d0-ac4bc8c56704}</UniqueIdentifier>
    </Filter>
    <Filter Include="src\ge\events">
      <UniqueIdentifier>{38c337c7-9230-42c9-bf5e-45c37ca08669}</UniqueIdentifier>
    </Filter>
    <Filter Include="src\ge\graphics">
      <UniqueIdentifier>{4408b539-f8c3-48e7-a0ef-c88fdf541d87}</UniqueIdentifier>
    </Filter>
    <Filter Include="src\ge\graphics\ShaderFactory">
      <UniqueIdentifier>{a782bdcd-5ee2-4e77-9266-7896a2b68c8f}</UniqueIdentifier>
    </Filter>
    <Filter Include="src\ge\graphics\ShaderFactory\Shaders">
      <UniqueIdentifier>{5e8fe083-fa72-4c43-8987-d8ad52f25b14}</UniqueIdentifier>
    </Filter>
    <Filter Include="src\ge\graphics\ShaderFactory\Shaders\gles">
      <UniqueIdentifier>{9b967aab-8204-49e8-b298-ad786f0cfba4}</UniqueIdentifier>
    </Filter>
    <Filter Include="src\ge\graphics\ui">
      <UniqueIdentifier>{9d5e0fc8-91b4-4992-88c6-b3db52ec7fb4}</UniqueIdentifier>
    </Filter>
    <Filter Include="src\ge\input">
      <UniqueIdentifier>{0d77d956-f984-45a8-bd95-27747fdd3a09}</UniqueIdentifier>
    </Filter>
    <Filter Include="src\ge\math">
      <UniqueIdentifier>{355438cd-e80b-4d6f-9aa7-6d394a2da1d2}</UniqueIdentifier>
    </Filter>
    <Filter Include="src\ge\platform">
      <UniqueIdentifier>{995d75c4-d8cb-4023-bf50-072bd1494fc8}</UniqueIdentifier>
    </Filter>
    <Filter Include="src\ge\platform\win32">
      <UniqueIdentifier>{6ff95903-984c-469f-b428-10ec26e4f8f0}</UniqueIdentifier>
    </Filter>
    <Filter Include="src\ge\system">
      <UniqueIdentifier>{3406289a-8781-4673-a604-6b99e8fdb036}</UniqueIdentifier>
    </Filter>
    <Filter Include="src\ge\utils">
      <UniqueIdentifier>{42172763-621b-4449-a418-4e084085f3be}</UniqueIdentifier>
    </Filter>
  </ItemGroup>
  <ItemGroup>
    <ClCompile Include="src\ge.cpp">
      <Filter>src\ge</Filter>
    </ClCompile>
    <ClCompile Include="src\Application\Application.cpp" />
    <ClCompile Include="src\Application\Window.cpp" />
    <ClCompile Include="src\Audio\Sound.cpp" />
    <ClCompile Include="src\Audio\SoundManager.cpp" />
    <ClCompile Include="src\Backend\API\APIBufferLayout.cpp" />
    <ClCompile Include="src\Backend\API\APIContext.cpp" />
    <ClCompile Include="src\Backend\API\APIFramebuffer.cpp" />
    <ClCompile Include="src\Backend\API\APIFramebuffer2D.cpp" />
    <ClCompile Include="src\Backend\API\APIFramebufferDepth.cpp" />
    <ClCompile Include="src\Backend\API\APIIndexBuffer.cpp" />
    <ClCompile Include="src\Backend\API\APIRenderer.cpp" />
    <ClCompile Include="src\Backend\API\APIShader.cpp" />
    <ClCompile Include="src\Backend\API\APIShaderUniform.cpp" />
    <ClCompile Include="src\Backend\API\APITexture.cpp" />
    <ClCompile Include="src\Backend\API\APITexture2D.cpp" />
    <ClCompile Include="src\Backend\API\APITextureCube.cpp" />
    <ClCompile Include="src\Backend\API\APITextureDepth.cpp" />
    <ClCompile Include="src\Backend\API\APIVertexArray.cpp" />
    <ClCompile Include="src\Backend\API\APIVertexBuffer.cpp" />
    <ClCompile Include="src\Backend\D3D\11\DX11Context.cpp" />
    <ClCompile Include="src\Backend\D3D\11\DX11Convert.cpp" />
    <ClCompile Include="src\Backend\D3D\11\DX11Framebuffer2D.cpp" />
    <ClCompile Include="src\Backend\D3D\11\DX11FramebufferDepth.cpp" />
    <ClCompile Include="src\Backend\D3D\11\DX11IndexBuffer.cpp" />
    <ClCompile Include="src\Backend\D3D\11\DX11Renderer.cpp" />
    <ClCompile Include="src\Backend\D3D\11\DX11Shader.cpp" />
    <ClCompile Include="src\Backend\D3D\11\DX11ShaderResource.cpp" />
    <ClCompile Include="src\Backend\D3D\11\DX11ShaderUniform.cpp" />
    <ClCompile Include="src\Backend\D3D\11\DX11Texture2D.cpp" />
    <ClCompile Include="src\Backend\D3D\11\DX11TextureCube.cpp" />
    <ClCompile Include="src\Backend\D3D\11\DX11TextureDepth.cpp" />
    <ClCompile Include="src\Backend\D3D\11\DX11VertexArray.cpp" />
    <ClCompile Include="src\Backend\D3D\11\DX11VertexBuffer.cpp" />
    <ClCompile Include="src\Backend\GL\GLContext.cpp" />
    <ClCompile Include="src\Backend\GL\GLConvert.cpp" />
    <ClCompile Include="src\Backend\GL\GLError.cpp" />
    <ClCompile Include="src\Backend\GL\GLFramebuffer2D.cpp" />
    <ClCompile Include="src\Backend\GL\GLFramebufferDepth.cpp" />
    <ClCompile Include="src\Backend\GL\GLIndexBuffer.cpp" />
    <ClCompile Include="src\Backend\GL\GLRenderer.cpp" />
    <ClCompile Include="src\Backend\GL\GLShader.cpp" />
    <ClCompile Include="src\Backend\GL\GLShaderResource.cpp" />
    <ClCompile Include="src\Backend\GL\GLShaderUniform.cpp" />
    <ClCompile Include="src\Backend\GL\GLTexture2D.cpp" />
    <ClCompile Include="src\Backend\GL\GLTextureCube.cpp" />
    <ClCompile Include="src\Backend\GL\GLTextureDepth.cpp" />
    <ClCompile Include="src\Backend\GL\GLVertexArray.cpp" />
    <ClCompile Include="src\Backend\GL\GLVertexBuffer.cpp" />
    <ClCompile Include="src\Debug\DebugLayer.cpp" />
    <ClCompile Include="src\Debug\DebugMenu.cpp" />
    <ClCompile Include="src\Debug\DebugMenuItem.cpp" />
    <ClCompile Include="src\Debug\DebugMenuSlider.cpp" />
    <ClCompile Include="src\Debug\DebugRenderer.cpp" />
    <ClCompile Include="src\Embedded\Embedded.cpp" />
    <ClCompile Include="src\Entity\Component\Component.cpp" />
    <ClCompile Include="src\Entity\Component\MeshComponent.cpp" />
    <ClCompile Include="src\Entity\Component\SpriteComponent.cpp" />
    <ClCompile Include="src\Entity\Component\TransformComponent.cpp" />
    <ClCompile Include="src\Entity\Entity.cpp" />
    <ClCompile Include="src\Events\Event.cpp" />
    <ClCompile Include="src\Events\KeyEvent.cpp" />
    <ClCompile Include="src\Events\MouseEvent.cpp" />
    <ClCompile Include="src\Events\WindowEvent.cpp" />
    <ClCompile Include="src\Graphics\Buffer\IndexBuffer.cpp" />
    <ClCompile Include="src\Graphics\Buffer\VertexArray.cpp" />
    <ClCompile Include="src\Graphics\Buffer\VertexBuffer.cpp" />
    <ClCompile Include="src\Graphics\Camera\Camera.cpp" />
    <ClCompile Include="src\Graphics\Camera\FPSCamera.cpp" />
    <ClCompile Include="src\Graphics\Camera\MayaCamera.cpp" />
    <ClCompile Include="src\Graphics\Camera\OrthographicCamera.cpp" />
    <ClCompile Include="src\Graphics\Font\Font.cpp" />
    <ClCompile Include="src\Graphics\Font\FontManager.cpp" />
    <ClCompile Include="src\Graphics\Framebuffer\Framebuffer.cpp" />
    <ClCompile Include="src\Graphics\Framebuffer\Framebuffer2D.cpp" />
    <ClCompile Include="src\Graphics\Framebuffer\FramebufferDepth.cpp" />
    <ClCompile Include="src\Graphics\Layer\Group.cpp" />
    <ClCompile Include="src\Graphics\Layer\Layer.cpp" />
    <ClCompile Include="src\Graphics\Layer\Layer2D.cpp" />
    <ClCompile Include="src\Graphics\Layer\Layer3D.cpp" />
    <ClCompile Include="src\Graphics\Light\Light.cpp" />
    <ClCompile Include="src\Graphics\Light\LightSetup.cpp" />
    <ClCompile Include="src\Graphics\Material\Material.cpp" />
    <ClCompile Include="src\Graphics\Material\PBRMaterial.cpp" />
    <ClCompile Include="src\Graphics\Mesh\Mesh.cpp" />
    <ClCompile Include="src\Graphics\Mesh\MeshFactory.cpp" />
    <ClCompile Include="src\Graphics\Mesh\Model.cpp" />
    <ClCompile Include="src\Graphics\PostEffect\PostEffects.cpp" />
    <ClCompile Include="src\Graphics\PostEffect\PostEffectsPass.cpp" />
    <ClCompile Include="src\Graphics\Renderer\DeferredRenderer.cpp" />
    <ClCompile Include="src\Graphics\Renderer\ForwardRenderer.cpp" />
    <ClCompile Include="src\Graphics\Renderer\Renderer.cpp" />
    <ClCompile Include="src\Graphics\Renderer\Renderer2D.cpp" />
    <ClCompile Include="src\Graphics\Shader\Shader.cpp" />
    <ClCompile Include="src\Graphics\Shader\ShaderFactory.cpp" />
    <ClCompile Include="src\Graphics\Shader\ShaderManager.cpp" />
    <ClCompile Include="src\Graphics\Texture\Texture.cpp" />
    <ClCompile Include="src\Graphics\Texture\Texture2D.cpp" />
    <ClCompile Include="src\Graphics\Texture\TextureCube.cpp" />
    <ClCompile Include="src\Graphics\Texture\TextureDepth.cpp" />
    <ClCompile Include="src\Graphics\Texture\TextureManager.cpp" />
    <ClCompile Include="src\Graphics\UI\Button.cpp" />
    <ClCompile Include="src\Graphics\UI\Panel.cpp" />
    <ClCompile Include="src\Graphics\UI\Slider.cpp" />
    <ClCompile Include="src\Graphics\UI\Widget.cpp" />
    <ClCompile Include="src\Graphics\Context.cpp" />
    <ClCompile Include="src\Graphics\GBuffer.cpp" />
    <ClCompile Include="src\Graphics\Label.cpp" />
    <ClCompile Include="src\Graphics\Renderable2D.cpp" />
    <ClCompile Include="src\Graphics\Scene.cpp" />
    <ClCompile Include="src\Graphics\Scene2D.cpp" />
    <ClCompile Include="src\Graphics\Sprite.cpp" />
    <ClCompile Include="src\Input\InputManager.cpp" />
    <ClCompile Include="src\Math\Shapes\AABB.cpp" />
    <ClCompile Include="src\Math\Shapes\Rectangle.cpp" />
    <ClCompile Include="src\Math\Matrix4f.cpp" />
    <ClCompile Include="src\Math\Quaternion.cpp" />
    <ClCompile Include="src\Math\Vector2f.cpp" />
    <ClCompile Include="src\Math\Vector3f.cpp" />
    <ClCompile Include="src\Math\Vector4f.cpp" />
    <ClCompile Include="src\Platform\Win32\Win32Application.cpp" />
    <ClCompile Include="src\Platform\Win32\Win32FileSystem.cpp" />
    <ClCompile Include="src\Platform\Win32\Win32InputManager.cpp" />
    <ClCompile Include="src\Platform\Win32\Win32MemoryManger.cpp" />
    <ClCompile Include="src\Platform\Win32\Win32Window.cpp" />
    <ClCompile Include="src\System\Allocator.cpp" />
    <ClCompile Include="src\System\FileSystem.cpp" />
    <ClCompile Include="src\System\Memory.cpp" />
    <ClCompile Include="src\System\MemoryManager.cpp" />
    <ClCompile Include="src\System\System.cpp" />
    <ClCompile Include="src\System\VirtualFileSystem.cpp" />
    <ClCompile Include="src\Utils\FileUtil.cpp" />
    <ClCompile Include="src\Utils\ImageUtil.cpp" />
    <ClCompile Include="src\String.cpp" />
  </ItemGroup>
  <ItemGroup>
    <ClInclude Include="src\ge.h">
      <Filter>src\ge</Filter>
    </ClInclude>
    <ClInclude Include="src\Common.h">
      <Filter>src\ge</Filter>
    </ClInclude>
    <ClInclude Include="src\Types.h">
      <Filter>src\ge</Filter>
    </ClInclude>
    <ClInclude Include="src\Application\Application.h" />
    <ClInclude Include="src\Application\Window.h" />
    <ClInclude Include="src\Audio\Sound.h" />
    <ClInclude Include="src\Audio\SoundManager.h" />
    <ClInclude Include="src\Backend\API\APIBufferLayout.h" />
    <ClInclude Include="src\Backend\API\APIContext.h" />
    <ClInclude Include="src\Backend\API\APIFramebuffer.h" />
    <ClInclude Include="src\Backend\API\APIFramebuffer2D.h" />
    <ClInclude Include="src\Backend\API\APIFramebufferDepth.h" />
    <ClInclude Include="src\Backend\API\APIIndexBuffer.h" />
    <ClInclude Include="src\Backend\API\APIRenderer.h" />
    <ClInclude Include="src\Backend\API\APIShader.h" />
    <ClInclude Include="src\Backend\API\APIShaderDeclaration.h" />
    <ClInclude Include="src\Backend\API\APIShaderResource.h" />
    <ClInclude Include="src\Backend\API\APIShaderUniform.h" />
    <ClInclude Include="src\Backend\API\APITexture.h" />
    <ClInclude Include="src\Backend\API\APITexture2D.h" />
    <ClInclude Include="src\Backend\API\APITextureCube.h" />
    <ClInclude Include="src\Backend\API\APITextureDepth.h" />
    <ClInclude Include="src\Backend\API\APIVertexArray.h" />
    <ClInclude Include="src\Backend\API\APIVertexBuffer.h" />
    <ClInclude Include="src\Backend\D3D\11\DX11Common.h" />
    <ClInclude Include="src\Backend\D3D\11\DX11Context.h" />
    <ClInclude Include="src\Backend\D3D\11\DX11Convert.h" />
    <ClInclude Include="src\Backend\D3D\11\DX11Framebuffer2D.h" />
    <ClInclude Include="src\Backend\D3D\11\DX11FramebufferDepth.h" />
    <ClInclude Include="src\Backend\D3D\11\DX11IndexBuffer.h" />
    <ClInclude Include="src\Backend\D3D\11\DX11Renderer.h" />
    <ClInclude Include="src\Backend\D3D\11\DX11Shader.h" />
    <ClInclude Include="src\Backend\D3D\11\DX11ShaderResource.h" />
    <ClInclude Include="src\Backend\D3D\11\DX11ShaderUniform.h" />
    <ClInclude Include="src\Backend\D3D\11\DX11Texture2D.h" />
    <ClInclude Include="src\Backend\D3D\11\DX11TextureCube.h" />
    <ClInclude Include="src\Backend\D3D\11\DX11TextureDepth.h" />
    <ClInclude Include="src\Backend\D3D\11\DX11TextureHandle.h" />
    <ClInclude Include="src\Backend\D3D\11\DX11VertexArray.h" />
    <ClInclude Include="src\Backend\D3D\11\DX11VertexBuffer.h" />
    <ClInclude Include="src\Backend\D3D\D3DTypes.h" />
    <ClInclude Include="src\Backend\GL\GLCommon.h" />
    <ClInclude Include="src\Backend\GL\GLContext.h" />
    <ClInclude Include="src\Backend\GL\GLConvert.h" />
    <ClInclude Include="src\Backend\GL\GLFramebuffer2D.h" />
    <ClInclude Include="src\Backend\GL\GLFramebufferDepth.h" />
    <ClInclude Include="src\Backend\GL\GLIndexBuffer.h" />
    <ClInclude Include="src\Backend\GL\GLRenderer.h" />
    <ClInclude Include="src\Backend\GL\GLShader.h" />
    <ClInclude Include="src\Backend\GL\GLShaderResource.h" />
    <ClInclude Include="src\Backend\GL\GLShaderUniform.h" />
    <ClInclude Include="src\Backend\GL\GLTexture2D.h" />
    <ClInclude Include="src\Backend\GL\GLTextureCube.h" />
    <ClInclude Include="src\Backend\GL\GLTextureDepth.h" />
    <ClInclude Include="src\Backend\GL\GLTypes.h" />
    <ClInclude Include="src\Backend\GL\GLVertexArray.h" />
    <ClInclude Include="src\Backend\GL\GLVertexBuffer.h" />
    <ClInclude Include="src\Backend\VK\VKTypes.h" />
    <ClInclude Include="src\Debug\DebugLayer.h" />
    <ClInclude Include="src\Debug\DebugMenu.h" />
    <ClInclude Include="src\Debug\DebugMenuAction.h" />
    <ClInclude Include="src\Debug\DebugMenuItem.h" />
    <ClInclude Include="src\Debug\DebugMenuSlider.h" />
    <ClInclude Include="src\Debug\DebugRenderer.h" />
    <ClInclude Include="src\Embedded\Embedded.h" />
    <ClInclude Include="src\Entity\Component\Component.h" />
    <ClInclude Include="src\Entity\Component\Components.h" />
    <ClInclude Include="src\Entity\Component\MeshComponent.h" />
    <ClInclude Include="src\Entity\Component\SpriteComponent.h" />
    <ClInclude Include="src\Entity\Component\TransformComponent.h" />
    <ClInclude Include="src\Entity\Entity.h" />
    <ClInclude Include="src\Events\Event.h" />
    <ClInclude Include="src\Events\EventDispatcher.h" />
    <ClInclude Include="src\Events\EventHeader.h" />
    <ClInclude Include="src\Events\IEventListener.h" />
    <ClInclude Include="src\Events\KeyEvent.h" />
    <ClInclude Include="src\Events\MouseEvent.h" />
    <ClInclude Include="src\Events\WindowEvent.h" />
    <ClInclude Include="src\Graphics\Buffer\IndexBuffer.h" />
    <ClInclude Include="src\Graphics\Buffer\VertexArray.h" />
    <ClInclude Include="src\Graphics\Buffer\VertexBuffer.h" />
    <ClInclude Include="src\Graphics\Camera\Camera.h" />
    <ClInclude Include="src\Graphics\Camera\FPSCamera.h" />
    <ClInclude Include="src\Graphics\Camera\MayaCamera.h" />
    <ClInclude Include="src\Graphics\Camera\OrthographicCamera.h" />
    <ClInclude Include="src\Graphics\Font\Font.h" />
    <ClInclude Include="src\Graphics\Font\FontManager.h" />
    <ClInclude Include="src\Graphics\Framebuffer\Framebuffer.h" />
    <ClInclude Include="src\Graphics\Framebuffer\Framebuffer2D.h" />
    <ClInclude Include="src\Graphics\Framebuffer\FramebufferDepth.h" />
    <ClInclude Include="src\Graphics\Layer\Group.h" />
    <ClInclude Include="src\Graphics\Layer\Layer.h" />
    <ClInclude Include="src\Graphics\Layer\Layer2D.h" />
    <ClInclude Include="src\Graphics\Layer\Layer3D.h" />
    <ClInclude Include="src\Graphics\Light\Light.h" />
    <ClInclude Include="src\Graphics\Light\LightSetup.h" />
    <ClInclude Include="src\Graphics\Material\Material.h" />
    <ClInclude Include="src\Graphics\Material\PBRMaterial.h" />
    <ClInclude Include="src\Graphics\Mesh\Mesh.h" />
    <ClInclude Include="src\Graphics\Mesh\MeshFactory.h" />
    <ClInclude Include="src\Graphics\Mesh\Model.h" />
    <ClInclude Include="src\Graphics\PostEffect\PostEffects.h" />
    <ClInclude Include="src\Graphics\PostEffect\PostEffectsPass.h" />
    <ClInclude Include="src\Graphics\Renderer\DeferredRenderer.h" />
    <ClInclude Include="src\Graphics\Renderer\ForwardRenderer.h" />
    <ClInclude Include="src\Graphics\Renderer\Renderer.h" />
    <ClInclude Include="src\Graphics\Renderer\Renderer2D.h" />
    <ClInclude Include="src\Graphics\Renderer\Renderer3D.h" />
    <ClInclude Include="src\Graphics\Shader\Shader.h" />
    <ClInclude Include="src\Graphics\Shader\ShaderFactory.h" />
    <ClInclude Include="src\Graphics\Shader\ShaderManager.h" />
    <ClInclude Include="src\Graphics\Texture\Texture.h" />
    <ClInclude Include="src\Graphics\Texture\Texture2D.h" />
    <ClInclude Include="src\Graphics\Texture\TextureCube.h" />
    <ClInclude Include="src\Graphics\Texture\TextureDepth.h" />
    <ClInclude Include="src\Graphics\Texture\TextureManager.h" />
    <ClInclude Include="src\Graphics\UI\Button.h" />
    <ClInclude Include="src\Graphics\UI\Panel.h" />
    <ClInclude Include="src\Graphics\UI\Slider.h" />
    <ClInclude Include="src\Graphics\UI\Widget.h" />
    <ClInclude Include="src\Graphics\Context.h" />
    <ClInclude Include="src\Graphics\GBuffer.h" />
    <ClInclude Include="src\Graphics\IRenderable.h" />
    <ClInclude Include="src\Graphics\Label.h" />
    <ClInclude Include="src\Graphics\Mask.h" />
    <ClInclude Include="src\Graphics\Renderable2D.h" />
    <ClInclude Include="src\Graphics\RenderCommand.h" />
    <ClInclude Include="src\Graphics\Scene.h" />
    <ClInclude Include="src\Graphics\Scene2D.h" />
    <ClInclude Include="src\Graphics\Sprite.h" />
    <ClInclude Include="src\Input\InputManager.h" />
    <ClInclude Include="src\Math\Shapes\AABB.h" />
    <ClInclude Include="src\Math\Shapes\Rectangle.h" />
    <ClInclude Include="src\Math\Maths.h" />
    <ClInclude Include="src\Math\Matrix4f.h" />
    <ClInclude Include="src\Math\Quaternion.h" />
    <ClInclude Include="src\Math\Utils.h" />
    <ClInclude Include="src\Math\Vector2f.h" />
    <ClInclude Include="src\Math\Vector3f.h" />
    <ClInclude Include="src\Math\Vector4f.h" />
    <ClInclude Include="src\System\Allocator.h" />
    <ClInclude Include="src\System\FileSystem.h" />
    <ClInclude Include="src\System\Memory.h" />
    <ClInclude Include="src\System\MemoryManager.h" />
    <ClInclude Include="src\System\System.h" />
    <ClInclude Include="src\System\VirtualFileSystem.h" />
    <ClInclude Include="src\Utils\FileUtil.h" />
    <ClInclude Include="src\Utils\ImageUtil.h" />
    <ClInclude Include="src\Utils\TimeUtil.h" />
    <ClInclude Include="src\GameEngineBase.h" />
    <ClInclude Include="src\String.h" />
  </ItemGroup>
</Project>