<?xml version="1.0" encoding="utf-8"?>
<Project ToolsVersion="4.0" xmlns="http://schemas.microsoft.com/developer/msbuild/2003">
  <ItemGroup>
    <Filter Include="src">
      <UniqueIdentifier>{38f5ef3d-80f9-40c2-b030-a120411c7170}</UniqueIdentifier>
    </Filter>
    <Filter Include="src\app">
      <UniqueIdentifier>{3a52befe-974d-4bc9-99c8-d0aef252d0fa}</UniqueIdentifier>
    </Filter>
    <Filter Include="src\audio">
      <UniqueIdentifier>{b71bf6e8-686a-4836-981f-aec162e17607}</UniqueIdentifier>
    </Filter>
    <Filter Include="src\debug">
      <UniqueIdentifier>{141d504c-01da-44b5-ac0b-e58b0b882b1e}</UniqueIdentifier>
    </Filter>
    <Filter Include="src\embedded">
      <UniqueIdentifier>{5f9b9711-6ef5-4bd6-94d9-75ff03e43fce}</UniqueIdentifier>
    </Filter>
    <Filter Include="src\entity">
      <UniqueIdentifier>{aec3b4c9-6482-4b41-a4e3-c0229cdca816}</UniqueIdentifier>
    </Filter>
    <Filter Include="src\graphics">
      <UniqueIdentifier>{4408b539-f8c3-48e7-a0ef-c88fdf541d87}</UniqueIdentifier>
    </Filter>
    <Filter Include="src\math">
      <UniqueIdentifier>{355438cd-e80b-4d6f-9aa7-6d394a2da1d2}</UniqueIdentifier>
    </Filter>
    <Filter Include="src\platform">
      <UniqueIdentifier>{995d75c4-d8cb-4023-bf50-072bd1494fc8}</UniqueIdentifier>
    </Filter>
    <Filter Include="src\system">
      <UniqueIdentifier>{3406289a-8781-4673-a604-6b99e8fdb036}</UniqueIdentifier>
    </Filter>
    <Filter Include="src\utils">
      <UniqueIdentifier>{42172763-621b-4449-a418-4e084085f3be}</UniqueIdentifier>
    </Filter>
    <Filter Include="src\backend">
      <UniqueIdentifier>{cee498ab-b00b-456e-b7d2-b003a5f90bcb}</UniqueIdentifier>
    </Filter>
    <Filter Include="src\platform\win32">
      <UniqueIdentifier>{6ff95903-984c-469f-b428-10ec26e4f8f0}</UniqueIdentifier>
    </Filter>
    <Filter Include="src\backend\api">
      <UniqueIdentifier>{56b090e1-63a1-4aee-8574-4940f64412dd}</UniqueIdentifier>
    </Filter>
    <Filter Include="src\backend\gl">
      <UniqueIdentifier>{22126a58-ee12-4be6-aef5-3dc6a896f55e}</UniqueIdentifier>
    </Filter>
    <Filter Include="src\backend\d3d">
      <UniqueIdentifier>{91ef1330-354a-49b6-8536-d4c3b5661538}</UniqueIdentifier>
    </Filter>
    <Filter Include="src\backend\vk">
      <UniqueIdentifier>{cdd8e701-f1af-4d42-a0c2-00e3b824b802}</UniqueIdentifier>
    </Filter>
    <Filter Include="src\backend\d3d\11">
      <UniqueIdentifier>{c89ae1a6-bb16-4410-a6d4-708728f2ca5e}</UniqueIdentifier>
    </Filter>
    <Filter Include="src\backend\d3d\12">
      <UniqueIdentifier>{5a4f0d92-1f57-40cf-a6ee-adcde164837f}</UniqueIdentifier>
    </Filter>
    <Filter Include="src\entity\component">
      <UniqueIdentifier>{8fb2e7d9-c05f-47a9-b9d0-ac4bc8c56704}</UniqueIdentifier>
    </Filter>
    <Filter Include="src\input">
      <UniqueIdentifier>{0d77d956-f984-45a8-bd95-27747fdd3a09}</UniqueIdentifier>
    </Filter>
    <Filter Include="src\graphics\ShaderFactory">
      <UniqueIdentifier>{a782bdcd-5ee2-4e77-9266-7896a2b68c8f}</UniqueIdentifier>
    </Filter>
    <Filter Include="src\graphics\ui">
      <UniqueIdentifier>{9d5e0fc8-91b4-4992-88c6-b3db52ec7fb4}</UniqueIdentifier>
    </Filter>
    <Filter Include="src\events">
      <UniqueIdentifier>{38c337c7-9230-42c9-bf5e-45c37ca08669}</UniqueIdentifier>
    </Filter>
    <Filter Include="src\graphics\ShaderFactory\Shaders">
      <UniqueIdentifier>{5e8fe083-fa72-4c43-8987-d8ad52f25b14}</UniqueIdentifier>
    </Filter>
    <Filter Include="src\graphics\ShaderFactory\Shaders\gles">
      <UniqueIdentifier>{9b967aab-8204-49e8-b298-ad786f0cfba4}</UniqueIdentifier>
    </Filter>
  </ItemGroup>
  <ItemGroup>
    <ClCompile Include="src\Math\Shapes\AABB.cpp">
      <Filter>src\math</Filter>
    </ClCompile>
    <ClCompile Include="src\System\Allocator.cpp">
      <Filter>src\system</Filter>
    </ClCompile>
    <ClCompile Include="src\Backend\API\APIBufferLayout.cpp">
      <Filter>src\backend\api</Filter>
    </ClCompile>
    <ClCompile Include="src\Backend\API\APIContext.cpp">
      <Filter>src\backend\api</Filter>
    </ClCompile>
    <ClCompile Include="src\Backend\API\APIFramebuffer.cpp">
      <Filter>src\backend\api</Filter>
    </ClCompile>
    <ClCompile Include="src\Backend\API\APIFramebuffer2D.cpp">
      <Filter>src\backend\api</Filter>
    </ClCompile>
    <ClCompile Include="src\Backend\API\APIFramebufferDepth.cpp">
      <Filter>src\backend\api</Filter>
    </ClCompile>
    <ClCompile Include="src\Backend\API\APIIndexBuffer.cpp">
      <Filter>src\backend\api</Filter>
    </ClCompile>
    <ClCompile Include="src\Backend\API\APIRenderer.cpp">
      <Filter>src\backend\api</Filter>
    </ClCompile>
    <ClCompile Include="src\Backend\API\APIShader.cpp">
      <Filter>src\backend\api</Filter>
    </ClCompile>
    <ClCompile Include="src\Backend\API\APIShaderUniform.cpp">
      <Filter>src\backend\api</Filter>
    </ClCompile>
    <ClCompile Include="src\Backend\API\APITexture.cpp">
      <Filter>src\backend\api</Filter>
    </ClCompile>
    <ClCompile Include="src\Backend\API\APITexture2D.cpp">
      <Filter>src\backend\api</Filter>
    </ClCompile>
    <ClCompile Include="src\Backend\API\APITextureCube.cpp">
      <Filter>src\backend\api</Filter>
    </ClCompile>
    <ClCompile Include="src\Backend\API\APITextureDepth.cpp">
      <Filter>src\backend\api</Filter>
    </ClCompile>
    <ClCompile Include="src\Backend\API\APIVertexArray.cpp">
      <Filter>src\backend\api</Filter>
    </ClCompile>
    <ClCompile Include="src\Backend\API\APIVertexBuffer.cpp">
      <Filter>src\backend\api</Filter>
    </ClCompile>
    <ClCompile Include="src\Application\Application.cpp">
      <Filter>src\app</Filter>
    </ClCompile>
    <ClCompile Include="src\Graphics\UI\Button.cpp">
      <Filter>src\graphics\ui</Filter>
    </ClCompile>
    <ClCompile Include="src\Backend\D3D\11\DX11Context.cpp">
      <Filter>src\backend\d3d\11</Filter>
    </ClCompile>
    <ClCompile Include="src\Backend\D3D\11\DX11Convert.cpp">
      <Filter>src\backend\d3d\11</Filter>
    </ClCompile>
    <ClCompile Include="src\Backend\D3D\11\DX11Framebuffer2D.cpp">
      <Filter>src\backend\d3d\11</Filter>
    </ClCompile>
    <ClCompile Include="src\Backend\D3D\11\DX11FramebufferDepth.cpp">
      <Filter>src\backend\d3d\11</Filter>
    </ClCompile>
    <ClCompile Include="src\Backend\D3D\11\DX11IndexBuffer.cpp">
      <Filter>src\backend\d3d\11</Filter>
    </ClCompile>
    <ClCompile Include="src\Backend\D3D\11\DX11Renderer.cpp">
      <Filter>src\backend\d3d\11</Filter>
    </ClCompile>
    <ClCompile Include="src\Backend\D3D\11\DX11Shader.cpp">
      <Filter>src\backend\d3d\11</Filter>
    </ClCompile>
    <ClCompile Include="src\Backend\D3D\11\DX11ShaderResource.cpp">
      <Filter>src\backend\d3d\11</Filter>
    </ClCompile>
    <ClCompile Include="src\Backend\D3D\11\DX11ShaderUniform.cpp">
      <Filter>src\backend\d3d\11</Filter>
    </ClCompile>
    <ClCompile Include="src\Backend\D3D\11\DX11Texture2D.cpp">
      <Filter>src\backend\d3d\11</Filter>
    </ClCompile>
    <ClCompile Include="src\Backend\D3D\11\DX11TextureCube.cpp">
      <Filter>src\backend\d3d\11</Filter>
    </ClCompile>
    <ClCompile Include="src\Backend\D3D\11\DX11TextureDepth.cpp">
      <Filter>src\backend\d3d\11</Filter>
    </ClCompile>
    <ClCompile Include="src\Backend\D3D\11\DX11VertexArray.cpp">
      <Filter>src\backend\d3d\11</Filter>
    </ClCompile>
    <ClCompile Include="src\Backend\D3D\11\DX11VertexBuffer.cpp">
      <Filter>src\backend\d3d\11</Filter>
    </ClCompile>
    <ClCompile Include="src\Backend\GL\GLContext.cpp">
      <Filter>src\backend\gl</Filter>
    </ClCompile>
    <ClCompile Include="src\Backend\GL\GLConvert.cpp">
      <Filter>src\backend\gl</Filter>
    </ClCompile>
    <ClCompile Include="src\Backend\GL\GLError.cpp">
      <Filter>src\backend\gl</Filter>
    </ClCompile>
    <ClCompile Include="src\Backend\GL\GLFramebuffer2D.cpp">
      <Filter>src\backend\gl</Filter>
    </ClCompile>
    <ClCompile Include="src\Backend\GL\GLFramebufferDepth.cpp">
      <Filter>src\backend\gl</Filter>
    </ClCompile>
    <ClCompile Include="src\Backend\GL\GLIndexBuffer.cpp">
      <Filter>src\backend\gl</Filter>
    </ClCompile>
    <ClCompile Include="src\Backend\GL\GLRenderer.cpp">
      <Filter>src\backend\gl</Filter>
    </ClCompile>
    <ClCompile Include="src\Backend\GL\GLShader.cpp">
      <Filter>src\backend\gl</Filter>
    </ClCompile>
    <ClCompile Include="src\Backend\GL\GLShaderResource.cpp">
      <Filter>src\backend\gl</Filter>
    </ClCompile>
    <ClCompile Include="src\Backend\GL\GLShaderUniform.cpp">
      <Filter>src\backend\gl</Filter>
    </ClCompile>
    <ClCompile Include="src\Backend\GL\GLTexture2D.cpp">
      <Filter>src\backend\gl</Filter>
    </ClCompile>
    <ClCompile Include="src\Backend\GL\GLTextureCube.cpp">
      <Filter>src\backend\gl</Filter>
    </ClCompile>
    <ClCompile Include="src\Backend\GL\GLTextureDepth.cpp">
      <Filter>src\backend\gl</Filter>
    </ClCompile>
    <ClCompile Include="src\Backend\GL\GLVertexArray.cpp">
      <Filter>src\backend\gl</Filter>
    </ClCompile>
    <ClCompile Include="src\Backend\GL\GLVertexBuffer.cpp">
      <Filter>src\backend\gl</Filter>
    </ClCompile>
    <ClCompile Include="src\Debug\DebugRenderer.cpp">
      <Filter>src\debug</Filter>
    </ClCompile>
    <ClCompile Include="src\Debug\DebugLayer.cpp">
      <Filter>src\debug</Filter>
    </ClCompile>
    <ClCompile Include="src\Debug\DebugMenu.cpp">
      <Filter>src\debug</Filter>
    </ClCompile>
    <ClCompile Include="src\Debug\DebugMenuItem.cpp">
      <Filter>src\debug</Filter>
    </ClCompile>
    <ClCompile Include="src\Debug\DebugMenuSlider.cpp">
      <Filter>src\debug</Filter>
    </ClCompile>
    <ClCompile Include="src\Graphics\Framebuffer\Framebuffer.cpp">
      <Filter>src\graphics</Filter>
    </ClCompile>
    <ClCompile Include="src\Graphics\Framebuffer\Framebuffer2D.cpp">
      <Filter>src\graphics</Filter>
    </ClCompile>
    <ClCompile Include="src\Graphics\Framebuffer\FramebufferDepth.cpp">
      <Filter>src\graphics</Filter>
    </ClCompile>
    <ClCompile Include="src\Graphics\Texture\Texture.cpp">
      <Filter>src\graphics</Filter>
    </ClCompile>
    <ClCompile Include="src\Graphics\Texture\Texture2D.cpp">
      <Filter>src\graphics</Filter>
    </ClCompile>
    <ClCompile Include="src\Graphics\Texture\TextureCube.cpp">
      <Filter>src\graphics</Filter>
    </ClCompile>
    <ClCompile Include="src\Graphics\Texture\TextureDepth.cpp">
      <Filter>src\graphics</Filter>
    </ClCompile>
    <ClCompile Include="src\Graphics\Texture\TextureManager.cpp">
      <Filter>src\graphics</Filter>
    </ClCompile>
    <ClCompile Include="src\Graphics\Camera\Camera.cpp">
      <Filter>src\graphics</Filter>
    </ClCompile>
    <ClCompile Include="src\Graphics\Context.cpp">
      <Filter>src\graphics</Filter>
    </ClCompile>
    <ClCompile Include="src\Entity\Component\Component.cpp">
      <Filter>src\entity\component</Filter>
    </ClCompile>
    <ClCompile Include="src\Graphics\Renderer\DeferredRenderer.cpp">
      <Filter>src\graphics</Filter>
    </ClCompile>
    <ClCompile Include="src\Embedded\Embedded.cpp">
      <Filter>src\embedded</Filter>
    </ClCompile>
    <ClCompile Include="src\Events\Event.cpp">
      <Filter>src\events</Filter>
    </ClCompile>
    <ClCompile Include="src\Entity\Entity.cpp">
      <Filter>src\entity</Filter>
    </ClCompile>
    <ClCompile Include="src\System\FileSystem.cpp">
      <Filter>src\system</Filter>
    </ClCompile>
    <ClCompile Include="src\Utils\FileUtil.cpp">
      <Filter>src\utils</Filter>
    </ClCompile>
    <ClCompile Include="src\Graphics\Renderer\ForwardRenderer.cpp">
      <Filter>src\graphics</Filter>
    </ClCompile>
    <ClCompile Include="src\Graphics\Font\FontManager.cpp">
      <Filter>src\graphics</Filter>
    </ClCompile>
    <ClCompile Include="src\Graphics\Font\Font.cpp">
      <Filter>src\graphics</Filter>
    </ClCompile>
    <ClCompile Include="src\Graphics\Camera\FPSCamera.cpp">
      <Filter>src\graphics</Filter>
    </ClCompile>
    <ClCompile Include="src\Graphics\GBuffer.cpp">
      <Filter>src\graphics</Filter>
    </ClCompile>
    <ClCompile Include="src\Graphics\Layer\Group.cpp">
      <Filter>src\graphics</Filter>
    </ClCompile>
    <ClCompile Include="src\Utils\ImageUtil.cpp">
      <Filter>src\utils</Filter>
    </ClCompile>
    <ClCompile Include="src\Graphics\Buffer\IndexBuffer.cpp">
      <Filter>src\graphics</Filter>
    </ClCompile>
    <ClCompile Include="src\Input\InputManager.cpp">
      <Filter>src\input</Filter>
    </ClCompile>
    <ClCompile Include="src\Events\KeyEvent.cpp">
      <Filter>src\events</Filter>
    </ClCompile>
    <ClCompile Include="src\Graphics\Label.cpp">
      <Filter>src\graphics</Filter>
    </ClCompile>
    <ClCompile Include="src\Graphics\Layer\Layer.cpp">
      <Filter>src\graphics</Filter>
    </ClCompile>
    <ClCompile Include="src\Graphics\Layer\Layer2D.cpp">
      <Filter>src\graphics</Filter>
    </ClCompile>
    <ClCompile Include="src\Graphics\Layer\Layer3D.cpp">
      <Filter>src\graphics</Filter>
    </ClCompile>
    <ClCompile Include="src\Graphics\Light\Light.cpp">
      <Filter>src\graphics</Filter>
    </ClCompile>
    <ClCompile Include="src\Graphics\Light\LightSetup.cpp">
      <Filter>src\graphics</Filter>
    </ClCompile>
    <ClCompile Include="src\Graphics\Material\Material.cpp">
      <Filter>src\graphics</Filter>
    </ClCompile>
    <ClCompile Include="src\Math\Matrix4f.cpp">
      <Filter>src\math</Filter>
    </ClCompile>
    <ClCompile Include="src\System\Memory.cpp">
      <Filter>src\system</Filter>
    </ClCompile>
    <ClCompile Include="src\System\MemoryManager.cpp">
      <Filter>src\system</Filter>
    </ClCompile>
    <ClCompile Include="src\Graphics\Camera\MayaCamera.cpp">
      <Filter>src\graphics</Filter>
    </ClCompile>
    <ClCompile Include="src\Graphics\Mesh\Mesh.cpp">
      <Filter>src\graphics</Filter>
    </ClCompile>
    <ClCompile Include="src\Graphics\Mesh\MeshFactory.cpp">
      <Filter>src\graphics</Filter>
    </ClCompile>
    <ClCompile Include="src\Graphics\Mesh\Model.cpp">
      <Filter>src\graphics</Filter>
    </ClCompile>
    <ClCompile Include="src\Graphics\Camera\OrthographicCamera.cpp">
      <Filter>src\graphics</Filter>
    </ClCompile>
    <ClCompile Include="src\Graphics\Material\PBRMaterial.cpp">
      <Filter>src\graphics</Filter>
    </ClCompile>
    <ClCompile Include="src\Graphics\PostEffect\PostEffects.cpp">
      <Filter>src\graphics</Filter>
    </ClCompile>
    <ClCompile Include="src\Graphics\PostEffect\PostEffectsPass.cpp">
      <Filter>src\graphics</Filter>
    </ClCompile>
    <ClCompile Include="src\Graphics\Renderable2D.cpp">
      <Filter>src\graphics</Filter>
    </ClCompile>
    <ClCompile Include="src\Graphics\Renderer\Renderer.cpp">
      <Filter>src\graphics</Filter>
    </ClCompile>
    <ClCompile Include="src\Graphics\Renderer\Renderer2D.cpp">
      <Filter>src\graphics</Filter>
    </ClCompile>
    <ClCompile Include="src\Graphics\Scene.cpp">
      <Filter>src\graphics</Filter>
    </ClCompile>
    <ClCompile Include="src\Graphics\Scene2D.cpp">
      <Filter>src\graphics</Filter>
    </ClCompile>
    <ClCompile Include="src\Graphics\Shader\Shader.cpp">
      <Filter>src\graphics</Filter>
    </ClCompile>
    <ClCompile Include="src\Graphics\Shader\ShaderManager.cpp">
      <Filter>src\graphics</Filter>
    </ClCompile>
    <ClCompile Include="src\Graphics\Sprite.cpp">
      <Filter>src\graphics</Filter>
    </ClCompile>
    <ClCompile Include="src\Entity\Component\MeshComponent.cpp">
      <Filter>src\entity\component</Filter>
    </ClCompile>
    <ClCompile Include="src\Entity\Component\TransformComponent.cpp">
      <Filter>src\entity\component</Filter>
    </ClCompile>
    <ClCompile Include="src\Entity\Component\SpriteComponent.cpp">
      <Filter>src\entity\component</Filter>
    </ClCompile>
    <ClCompile Include="src\Events\WindowEvent.cpp">
      <Filter>src\events</Filter>
    </ClCompile>
    <ClCompile Include="src\Events\MouseEvent.cpp">
      <Filter>src\events</Filter>
    </ClCompile>
    <ClCompile Include="src\Math\Quaternion.cpp">
      <Filter>src\math</Filter>
    </ClCompile>
    <ClCompile Include="src\Math\Shapes\Rectangle.cpp">
      <Filter>src\math</Filter>
    </ClCompile>
    <ClCompile Include="src\Math\Vector2f.cpp">
      <Filter>src\math</Filter>
    </ClCompile>
    <ClCompile Include="src\Math\Vector3f.cpp">
      <Filter>src\math</Filter>
    </ClCompile>
    <ClCompile Include="src\Math\Vector4f.cpp">
      <Filter>src\math</Filter>
    </ClCompile>
    <ClCompile Include="src\Platform\Win32\Win32Window.cpp">
      <Filter>src\platform\win32</Filter>
    </ClCompile>
    <ClCompile Include="src\Platform\Win32\Win32MemoryManger.cpp">
      <Filter>src\platform\win32</Filter>
    </ClCompile>
    <ClCompile Include="src\Platform\Win32\Win32InputManager.cpp">
      <Filter>src\platform\win32</Filter>
    </ClCompile>
    <ClCompile Include="src\Platform\Win32\Win32FileSystem.cpp">
      <Filter>src\platform\win32</Filter>
    </ClCompile>
    <ClCompile Include="src\Platform\Win32\Win32Application.cpp">
      <Filter>src\platform\win32</Filter>
    </ClCompile>
    <ClCompile Include="src\Audio\Sound.cpp">
      <Filter>src\audio</Filter>
    </ClCompile>
    <ClCompile Include="src\Audio\SoundManager.cpp">
      <Filter>src\audio</Filter>
    </ClCompile>
    <ClCompile Include="src\Application\Window.cpp">
      <Filter>src\app</Filter>
    </ClCompile>
    <ClCompile Include="src\Graphics\UI\Widget.cpp">
      <Filter>src\graphics\ui</Filter>
    </ClCompile>
    <ClCompile Include="src\Graphics\Buffer\VertexBuffer.cpp">
      <Filter>src\graphics</Filter>
    </ClCompile>
    <ClCompile Include="src\Graphics\Buffer\VertexArray.cpp">
      <Filter>src\graphics</Filter>
    </ClCompile>
    <ClCompile Include="src\System\VirtualFileSystem.cpp">
      <Filter>src\system</Filter>
    </ClCompile>
    <ClCompile Include="src\System\System.cpp">
      <Filter>src\system</Filter>
    </ClCompile>
    <ClCompile Include="src\String.cpp">
      <Filter>src</Filter>
    </ClCompile>
    <ClCompile Include="src\Pch.cpp">
      <Filter>src</Filter>
    </ClCompile>
    <ClCompile Include="src\Graphics\UI\Slider.cpp">
      <Filter>src\graphics\ui</Filter>
    </ClCompile>
    <ClCompile Include="src\Graphics\UI\Panel.cpp">
      <Filter>src\graphics\ui</Filter>
    </ClCompile>
    <ClCompile Include="src\Graphics\Shader\ShaderFactory.cpp">
      <Filter>src\graphics\ShaderFactory</Filter>
    </ClCompile>
  </ItemGroup>
  <ItemGroup>
    <ClInclude Include="src\Backend\API\APIBufferLayout.h">
      <Filter>src\backend\api</Filter>
    </ClInclude>
    <ClInclude Include="src\Backend\API\APIContext.h">
      <Filter>src\backend\api</Filter>
    </ClInclude>
    <ClInclude Include="src\Backend\API\APIFramebuffer.h">
      <Filter>src\backend\api</Filter>
    </ClInclude>
    <ClInclude Include="src\Backend\API\APIFramebuffer2D.h">
      <Filter>src\backend\api</Filter>
    </ClInclude>
    <ClInclude Include="src\Backend\API\APIFramebufferDepth.h">
      <Filter>src\backend\api</Filter>
    </ClInclude>
    <ClInclude Include="src\Backend\API\APIIndexBuffer.h">
      <Filter>src\backend\api</Filter>
    </ClInclude>
    <ClInclude Include="src\Backend\API\APIRenderer.h">
      <Filter>src\backend\api</Filter>
    </ClInclude>
    <ClInclude Include="src\Backend\API\APIShader.h">
      <Filter>src\backend\api</Filter>
    </ClInclude>
    <ClInclude Include="src\Backend\API\APIShaderDeclaration.h">
      <Filter>src\backend\api</Filter>
    </ClInclude>
    <ClInclude Include="src\Backend\API\APIShaderResource.h">
      <Filter>src\backend\api</Filter>
    </ClInclude>
    <ClInclude Include="src\Backend\API\APIShaderUniform.h">
      <Filter>src\backend\api</Filter>
    </ClInclude>
    <ClInclude Include="src\Backend\API\APITexture.h">
      <Filter>src\backend\api</Filter>
    </ClInclude>
    <ClInclude Include="src\Backend\API\APITexture2D.h">
      <Filter>src\backend\api</Filter>
    </ClInclude>
    <ClInclude Include="src\Backend\API\APITextureCube.h">
      <Filter>src\backend\api</Filter>
    </ClInclude>
    <ClInclude Include="src\Backend\API\APITextureDepth.h">
      <Filter>src\backend\api</Filter>
    </ClInclude>
    <ClInclude Include="src\Backend\API\APIVertexArray.h">
      <Filter>src\backend\api</Filter>
    </ClInclude>
    <ClInclude Include="src\Backend\API\APIVertexBuffer.h">
      <Filter>src\backend\api</Filter>
    </ClInclude>
    <ClInclude Include="src\Backend\GL\GLCommon.h">
      <Filter>src\backend\gl</Filter>
    </ClInclude>
    <ClInclude Include="src\Backend\GL\GLContext.h">
      <Filter>src\backend\gl</Filter>
    </ClInclude>
    <ClInclude Include="src\Backend\GL\GLConvert.h">
      <Filter>src\backend\gl</Filter>
    </ClInclude>
    <ClInclude Include="src\Backend\GL\GLFramebuffer2D.h">
      <Filter>src\backend\gl</Filter>
    </ClInclude>
    <ClInclude Include="src\Backend\GL\GLFramebufferDepth.h">
      <Filter>src\backend\gl</Filter>
    </ClInclude>
    <ClInclude Include="src\Backend\GL\GLIndexBuffer.h">
      <Filter>src\backend\gl</Filter>
    </ClInclude>
    <ClInclude Include="src\Backend\GL\GLRenderer.h">
      <Filter>src\backend\gl</Filter>
    </ClInclude>
    <ClInclude Include="src\Backend\GL\GLShader.h">
      <Filter>src\backend\gl</Filter>
    </ClInclude>
    <ClInclude Include="src\Backend\GL\GLShaderResource.h">
      <Filter>src\backend\gl</Filter>
    </ClInclude>
    <ClInclude Include="src\Backend\GL\GLShaderUniform.h">
      <Filter>src\backend\gl</Filter>
    </ClInclude>
    <ClInclude Include="src\Backend\GL\GLTexture2D.h">
      <Filter>src\backend\gl</Filter>
    </ClInclude>
    <ClInclude Include="src\Backend\GL\GLTextureCube.h">
      <Filter>src\backend\gl</Filter>
    </ClInclude>
    <ClInclude Include="src\Backend\GL\GLTextureDepth.h">
      <Filter>src\backend\gl</Filter>
    </ClInclude>
    <ClInclude Include="src\Backend\GL\GLTypes.h">
      <Filter>src\backend\gl</Filter>
    </ClInclude>
    <ClInclude Include="src\Backend\GL\GLVertexArray.h">
      <Filter>src\backend\gl</Filter>
    </ClInclude>
    <ClInclude Include="src\Backend\GL\GLVertexBuffer.h">
      <Filter>src\backend\gl</Filter>
    </ClInclude>
    <ClInclude Include="src\Backend\D3D\11\DX11VertexBuffer.h">
      <Filter>src\backend\d3d\11</Filter>
    </ClInclude>
    <ClInclude Include="src\Backend\D3D\11\DX11Common.h">
      <Filter>src\backend\d3d\11</Filter>
    </ClInclude>
    <ClInclude Include="src\Backend\D3D\11\DX11Context.h">
      <Filter>src\backend\d3d\11</Filter>
    </ClInclude>
    <ClInclude Include="src\Backend\D3D\11\DX11Convert.h">
      <Filter>src\backend\d3d\11</Filter>
    </ClInclude>
    <ClInclude Include="src\Backend\D3D\11\DX11Framebuffer2D.h">
      <Filter>src\backend\d3d\11</Filter>
    </ClInclude>
    <ClInclude Include="src\Backend\D3D\11\DX11FramebufferDepth.h">
      <Filter>src\backend\d3d\11</Filter>
    </ClInclude>
    <ClInclude Include="src\Backend\D3D\11\DX11IndexBuffer.h">
      <Filter>src\backend\d3d\11</Filter>
    </ClInclude>
    <ClInclude Include="src\Backend\D3D\11\DX11Renderer.h">
      <Filter>src\backend\d3d\11</Filter>
    </ClInclude>
    <ClInclude Include="src\Backend\D3D\11\DX11Shader.h">
      <Filter>src\backend\d3d\11</Filter>
    </ClInclude>
    <ClInclude Include="src\Backend\D3D\11\DX11ShaderResource.h">
      <Filter>src\backend\d3d\11</Filter>
    </ClInclude>
    <ClInclude Include="src\Backend\D3D\11\DX11ShaderUniform.h">
      <Filter>src\backend\d3d\11</Filter>
    </ClInclude>
    <ClInclude Include="src\Backend\D3D\11\DX11Texture2D.h">
      <Filter>src\backend\d3d\11</Filter>
    </ClInclude>
    <ClInclude Include="src\Backend\D3D\11\DX11TextureCube.h">
      <Filter>src\backend\d3d\11</Filter>
    </ClInclude>
    <ClInclude Include="src\Backend\D3D\11\DX11TextureDepth.h">
      <Filter>src\backend\d3d\11</Filter>
    </ClInclude>
    <ClInclude Include="src\Backend\D3D\11\DX11TextureHandle.h">
      <Filter>src\backend\d3d\11</Filter>
    </ClInclude>
    <ClInclude Include="src\Backend\D3D\11\DX11VertexArray.h">
      <Filter>src\backend\d3d\11</Filter>
    </ClInclude>
    <ClInclude Include="src\Application\Window.h">
      <Filter>src\app</Filter>
    </ClInclude>
    <ClInclude Include="src\Types.h">
      <Filter>src</Filter>
    </ClInclude>
    <ClInclude Include="src\Application\Application.h">
      <Filter>src\app</Filter>
    </ClInclude>
    <ClInclude Include="src\Audio\Sound.h">
      <Filter>src\audio</Filter>
    </ClInclude>
    <ClInclude Include="src\Audio\SoundManager.h">
      <Filter>src\audio</Filter>
    </ClInclude>
    <ClInclude Include="src\Debug\DebugLayer.h">
      <Filter>src\debug</Filter>
    </ClInclude>
    <ClInclude Include="src\Debug\DebugMenu.h">
      <Filter>src\debug</Filter>
    </ClInclude>
    <ClInclude Include="src\Debug\DebugMenuAction.h">
      <Filter>src\debug</Filter>
    </ClInclude>
    <ClInclude Include="src\Debug\DebugMenuItem.h">
      <Filter>src\debug</Filter>
    </ClInclude>
    <ClInclude Include="src\Debug\DebugMenuSlider.h">
      <Filter>src\debug</Filter>
    </ClInclude>
    <ClInclude Include="src\Debug\DebugRenderer.h">
      <Filter>src\debug</Filter>
    </ClInclude>
    <ClInclude Include="src\Embedded\Embedded.h">
      <Filter>src\embedded</Filter>
    </ClInclude>
    <ClInclude Include="src\Entity\Entity.h">
      <Filter>src\entity</Filter>
    </ClInclude>
    <ClInclude Include="src\Entity\Component\MeshComponent.h">
      <Filter>src\entity\component</Filter>
    </ClInclude>
    <ClInclude Include="src\Entity\Component\Component.h">
      <Filter>src\entity\component</Filter>
    </ClInclude>
    <ClInclude Include="src\Entity\Component\Components.h">
      <Filter>src\entity\component</Filter>
    </ClInclude>
    <ClInclude Include="src\Events\WindowEvent.h">
      <Filter>src\events</Filter>
    </ClInclude>
    <ClInclude Include="src\Entity\Component\TransformComponent.h">
      <Filter>src\entity\component</Filter>
    </ClInclude>
    <ClInclude Include="src\Events\MouseEvent.h">
      <Filter>src\events</Filter>
    </ClInclude>
    <ClInclude Include="src\Events\KeyEvent.h">
      <Filter>src\events</Filter>
    </ClInclude>
    <ClInclude Include="src\Events\Event.h">
      <Filter>src\events</Filter>
    </ClInclude>
    <ClInclude Include="src\Events\EventDispatcher.h">
      <Filter>src\events</Filter>
    </ClInclude>
    <ClInclude Include="src\Events\EventHeader.h">
      <Filter>src\events</Filter>
    </ClInclude>
    <ClInclude Include="src\Events\IEventListener.h">
      <Filter>src\events</Filter>
    </ClInclude>
    <ClInclude Include="src\Input\InputManager.h">
      <Filter>src\input</Filter>
    </ClInclude>
    <ClInclude Include="src\Math\Vector4f.h">
      <Filter>src\math</Filter>
    </ClInclude>
    <ClInclude Include="src\Math\Vector3f.h">
      <Filter>src\math</Filter>
    </ClInclude>
    <ClInclude Include="src\Math\Vector2f.h">
      <Filter>src\math</Filter>
    </ClInclude>
    <ClInclude Include="src\Math\Utils.h">
      <Filter>src\math</Filter>
    </ClInclude>
    <ClInclude Include="src\Math\Shapes\Rectangle.h">
      <Filter>src\math</Filter>
    </ClInclude>
    <ClInclude Include="src\Math\Shapes\AABB.h">
      <Filter>src\math</Filter>
    </ClInclude>
    <ClInclude Include="src\Math\Maths.h">
      <Filter>src\math</Filter>
    </ClInclude>
    <ClInclude Include="src\Math\Matrix4f.h">
      <Filter>src\math</Filter>
    </ClInclude>
    <ClInclude Include="src\Math\Quaternion.h">
      <Filter>src\math</Filter>
    </ClInclude>
    <ClInclude Include="src\System\VirtualFileSystem.h">
      <Filter>src\system</Filter>
    </ClInclude>
    <ClInclude Include="src\System\System.h">
      <Filter>src\system</Filter>
    </ClInclude>
    <ClInclude Include="src\System\MemoryManager.h">
      <Filter>src\system</Filter>
    </ClInclude>
    <ClInclude Include="src\System\Memory.h">
      <Filter>src\system</Filter>
    </ClInclude>
    <ClInclude Include="src\System\Allocator.h">
      <Filter>src\system</Filter>
    </ClInclude>
    <ClInclude Include="src\System\FileSystem.h">
      <Filter>src\system</Filter>
    </ClInclude>
    <ClInclude Include="src\Utils\FileUtil.h">
      <Filter>src\utils</Filter>
    </ClInclude>
    <ClInclude Include="src\Utils\ImageUtil.h">
      <Filter>src\utils</Filter>
    </ClInclude>
    <ClInclude Include="src\Utils\TimeUtil.h">
      <Filter>src\utils</Filter>
    </ClInclude>
    <ClInclude Include="src\Graphics\Shader\ShaderFactory.h">
      <Filter>src\graphics\ShaderFactory</Filter>
    </ClInclude>
    <ClInclude Include="src\Graphics\UI\Widget.h">
      <Filter>src\graphics\ui</Filter>
    </ClInclude>
    <ClInclude Include="src\Graphics\UI\Slider.h">
      <Filter>src\graphics\ui</Filter>
    </ClInclude>
    <ClInclude Include="src\Graphics\UI\Panel.h">
      <Filter>src\graphics\ui</Filter>
    </ClInclude>
    <ClInclude Include="src\Graphics\UI\Button.h">
      <Filter>src\graphics\ui</Filter>
    </ClInclude>
    <ClInclude Include="src\Backend\VK\VKTypes.h">
      <Filter>src\backend\vk</Filter>
    </ClInclude>
    <ClInclude Include="src\Graphics\Buffer\VertexBuffer.h">
      <Filter>src\graphics</Filter>
    </ClInclude>
    <ClInclude Include="src\Graphics\Buffer\VertexArray.h">
      <Filter>src\graphics</Filter>
    </ClInclude>
    <ClInclude Include="src\Graphics\Texture\TextureManager.h">
      <Filter>src\graphics</Filter>
    </ClInclude>
    <ClInclude Include="src\Graphics\Texture\TextureDepth.h">
      <Filter>src\graphics</Filter>
    </ClInclude>
    <ClInclude Include="src\Graphics\Texture\Texture2D.h">
      <Filter>src\graphics</Filter>
    </ClInclude>
    <ClInclude Include="src\Graphics\Texture\TextureCube.h">
      <Filter>src\graphics</Filter>
    </ClInclude>
    <ClInclude Include="src\Graphics\Texture\Texture.h">
      <Filter>src\graphics</Filter>
    </ClInclude>
    <ClInclude Include="src\Graphics\Sprite.h">
      <Filter>src\graphics</Filter>
    </ClInclude>
    <ClInclude Include="src\Graphics\Shader\ShaderManager.h">
      <Filter>src\graphics</Filter>
    </ClInclude>
    <ClInclude Include="src\Graphics\Shader\Shader.h">
      <Filter>src\graphics</Filter>
    </ClInclude>
    <ClInclude Include="src\Graphics\Scene2D.h">
      <Filter>src\graphics</Filter>
    </ClInclude>
    <ClInclude Include="src\Graphics\Scene.h">
      <Filter>src\graphics</Filter>
    </ClInclude>
    <ClInclude Include="src\Graphics\Renderer\Renderer3D.h">
      <Filter>src\graphics</Filter>
    </ClInclude>
    <ClInclude Include="src\Graphics\Renderer\Renderer2D.h">
      <Filter>src\graphics</Filter>
    </ClInclude>
    <ClInclude Include="src\Graphics\Renderer\Renderer.h">
      <Filter>src\graphics</Filter>
    </ClInclude>
    <ClInclude Include="src\Graphics\RenderCommand.h">
      <Filter>src\graphics</Filter>
    </ClInclude>
    <ClInclude Include="src\Graphics\Renderable2D.h">
      <Filter>src\graphics</Filter>
    </ClInclude>
    <ClInclude Include="src\Graphics\PostEffect\PostEffectsPass.h">
      <Filter>src\graphics</Filter>
    </ClInclude>
    <ClInclude Include="src\Graphics\PostEffect\PostEffects.h">
      <Filter>src\graphics</Filter>
    </ClInclude>
    <ClInclude Include="src\Graphics\Material\PBRMaterial.h">
      <Filter>src\graphics</Filter>
    </ClInclude>
    <ClInclude Include="src\Graphics\Camera\OrthographicCamera.h">
      <Filter>src\graphics</Filter>
    </ClInclude>
    <ClInclude Include="src\Graphics\Mesh\Model.h">
      <Filter>src\graphics</Filter>
    </ClInclude>
    <ClInclude Include="src\Graphics\Mesh\MeshFactory.h">
      <Filter>src\graphics</Filter>
    </ClInclude>
    <ClInclude Include="src\Graphics\Mesh\Mesh.h">
      <Filter>src\graphics</Filter>
    </ClInclude>
    <ClInclude Include="src\Graphics\Camera\MayaCamera.h">
      <Filter>src\graphics</Filter>
    </ClInclude>
    <ClInclude Include="src\Graphics\Material\Material.h">
      <Filter>src\graphics</Filter>
    </ClInclude>
    <ClInclude Include="src\Graphics\Mask.h">
      <Filter>src\graphics</Filter>
    </ClInclude>
    <ClInclude Include="src\Graphics\Light\LightSetup.h">
      <Filter>src\graphics</Filter>
    </ClInclude>
    <ClInclude Include="src\Graphics\Light\Light.h">
      <Filter>src\graphics</Filter>
    </ClInclude>
    <ClInclude Include="src\Graphics\Layer\Layer3D.h">
      <Filter>src\graphics</Filter>
    </ClInclude>
    <ClInclude Include="src\Graphics\Layer\Layer2D.h">
      <Filter>src\graphics</Filter>
    </ClInclude>
    <ClInclude Include="src\Graphics\Layer\Layer.h">
      <Filter>src\graphics</Filter>
    </ClInclude>
    <ClInclude Include="src\Graphics\Label.h">
      <Filter>src\graphics</Filter>
    </ClInclude>
    <ClInclude Include="src\Graphics\IRenderable.h">
      <Filter>src\graphics</Filter>
    </ClInclude>
    <ClInclude Include="src\Graphics\Buffer\IndexBuffer.h">
      <Filter>src\graphics</Filter>
    </ClInclude>
    <ClInclude Include="src\Graphics\Layer\Group.h">
      <Filter>src\graphics</Filter>
    </ClInclude>
    <ClInclude Include="src\Graphics\GBuffer.h">
      <Filter>src\graphics</Filter>
    </ClInclude>
    <ClInclude Include="src\Graphics\Framebuffer\FramebufferDepth.h">
      <Filter>src\graphics</Filter>
    </ClInclude>
    <ClInclude Include="src\Graphics\Framebuffer\Framebuffer2D.h">
      <Filter>src\graphics</Filter>
    </ClInclude>
    <ClInclude Include="src\Graphics\Framebuffer\Framebuffer.h">
      <Filter>src\graphics</Filter>
    </ClInclude>
    <ClInclude Include="src\Graphics\Camera\FPSCamera.h">
      <Filter>src\graphics</Filter>
    </ClInclude>
    <ClInclude Include="src\Graphics\Renderer\ForwardRenderer.h">
      <Filter>src\graphics</Filter>
    </ClInclude>
    <ClInclude Include="src\Graphics\Font\FontManager.h">
      <Filter>src\graphics</Filter>
    </ClInclude>
    <ClInclude Include="src\Graphics\Font\Font.h">
      <Filter>src\graphics</Filter>
    </ClInclude>
    <ClInclude Include="src\Graphics\Renderer\DeferredRenderer.h">
      <Filter>src\graphics</Filter>
    </ClInclude>
    <ClInclude Include="src\Graphics\Context.h">
      <Filter>src\graphics</Filter>
    </ClInclude>
    <ClInclude Include="src\Graphics\Camera\Camera.h">
      <Filter>src\graphics</Filter>
    </ClInclude>
    <ClInclude Include="src\Backend\D3D\D3DTypes.h">
      <Filter>src\backend\d3d</Filter>
    </ClInclude>
    <ClInclude Include="src\Entity\Component\SpriteComponent.h">
      <Filter>src\entity\component</Filter>
    </ClInclude>
    <ClInclude Include="src\Pch.h">
      <Filter>src</Filter>
    </ClInclude>
    <ClInclude Include="src\String.h">
      <Filter>src</Filter>
    </ClInclude>
    <ClInclude Include="src\GameEngineBase.h">
      <Filter>src</Filter>
    </ClInclude>
    <ClInclude Include="src\Common.h">
      <Filter>src</Filter>
    </ClInclude>
  </ItemGroup>
  <ItemGroup>
    <None Include="src\Graphics\Shader\default\BasicLight.shader">
      <Filter>src\graphics\ShaderFactory\Shaders</Filter>
    </None>
    <None Include="src\Graphics\Shader\default\Debug.shader">
      <Filter>src\graphics\ShaderFactory\Shaders</Filter>
    </None>
    <None Include="src\Graphics\Shader\default\Simple.shader">
      <Filter>src\graphics\ShaderFactory\Shaders</Filter>
    </None>
    <None Include="src\Graphics\Shader\default\gles\Default.shader">
      <Filter>src\graphics\ShaderFactory\Shaders\gles</Filter>
    </None>
    <None Include="src\Graphics\Shader\default\gles\Simple.shader">
      <Filter>src\graphics\ShaderFactory\Shaders\gles</Filter>
    </None>
  </ItemGroup>
</Project>